// !$*UTF8*$!
{
	archiveVersion = 1;
	classes = {
	};
	objectVersion = 51;
	objects = {

/* Begin PBXBuildFile section */
		115374A63C62C86ED8FE33B7 /* Pods_GithubRepoList_GithubRepoListUITests.framework in Frameworks */ = {isa = PBXBuildFile; fileRef = 34363057A6337AB986AF801F /* Pods_GithubRepoList_GithubRepoListUITests.framework */; };
		88382B068EEA1C2F98C435E6 /* Pods_GithubRepoListTests.framework in Frameworks */ = {isa = PBXBuildFile; fileRef = AF6A865A7A9BF9BEBEEEA9D5 /* Pods_GithubRepoListTests.framework */; };
		89068AD7266F7FF600782B0F /* AppDelegate.swift in Sources */ = {isa = PBXBuildFile; fileRef = 89068AD6266F7FF600782B0F /* AppDelegate.swift */; };
		89068ADB266F7FF600782B0F /* HomeViewController.swift in Sources */ = {isa = PBXBuildFile; fileRef = 89068ADA266F7FF600782B0F /* HomeViewController.swift */; };
		89068ADE266F7FF600782B0F /* Main.storyboard in Resources */ = {isa = PBXBuildFile; fileRef = 89068ADC266F7FF600782B0F /* Main.storyboard */; };
		89068AE0266F7FF800782B0F /* Assets.xcassets in Resources */ = {isa = PBXBuildFile; fileRef = 89068ADF266F7FF800782B0F /* Assets.xcassets */; };
		89068AE3266F7FF800782B0F /* LaunchScreen.storyboard in Resources */ = {isa = PBXBuildFile; fileRef = 89068AE1266F7FF800782B0F /* LaunchScreen.storyboard */; };
		89068AEE266F7FF800782B0F /* GithubRepoListTests.swift in Sources */ = {isa = PBXBuildFile; fileRef = 89068AED266F7FF800782B0F /* GithubRepoListTests.swift */; };
		89068AF9266F7FF800782B0F /* GithubRepoListUITests.swift in Sources */ = {isa = PBXBuildFile; fileRef = 89068AF8266F7FF800782B0F /* GithubRepoListUITests.swift */; };
		89068B08266F816A00782B0F /* GithubRepoElement.swift in Sources */ = {isa = PBXBuildFile; fileRef = 89068B07266F816A00782B0F /* GithubRepoElement.swift */; };
		89068B0A266F819F00782B0F /* Owner.swift in Sources */ = {isa = PBXBuildFile; fileRef = 89068B09266F819F00782B0F /* Owner.swift */; };
		89068B12266F8F3600782B0F /* AppWindowManager.swift in Sources */ = {isa = PBXBuildFile; fileRef = 89068B11266F8F3600782B0F /* AppWindowManager.swift */; };
		89068B17266F90B400782B0F /* Reusable.swift in Sources */ = {isa = PBXBuildFile; fileRef = 89068B16266F90B400782B0F /* Reusable.swift */; };
		89068B19266F913A00782B0F /* ThemeManager.swift in Sources */ = {isa = PBXBuildFile; fileRef = 89068B18266F913A00782B0F /* ThemeManager.swift */; };
		89068B1B266F928500782B0F /* HomeRouter.swift in Sources */ = {isa = PBXBuildFile; fileRef = 89068B1A266F928500782B0F /* HomeRouter.swift */; };
		89068B1D266F962E00782B0F /* RepositoryDetailsViewController.swift in Sources */ = {isa = PBXBuildFile; fileRef = 89068B1C266F962E00782B0F /* RepositoryDetailsViewController.swift */; };
		89535FE32673A47D0055C15F /* RealmManager.swift in Sources */ = {isa = PBXBuildFile; fileRef = 89535FE22673A47D0055C15F /* RealmManager.swift */; };
		89535FE52673A4C90055C15F /* RealmHelper.swift in Sources */ = {isa = PBXBuildFile; fileRef = 89535FE42673A4C90055C15F /* RealmHelper.swift */; };
		89535FE72673A6180055C15F /* GithubRepoElementRealm.swift in Sources */ = {isa = PBXBuildFile; fileRef = 89535FE62673A6180055C15F /* GithubRepoElementRealm.swift */; };
		89535FEB267420E50055C15F /* OwnerRealm.swift in Sources */ = {isa = PBXBuildFile; fileRef = 89535FEA267420E50055C15F /* OwnerRealm.swift */; };
		8954F1042672585100B2DB38 /* JSONParameterEncoder.swift in Sources */ = {isa = PBXBuildFile; fileRef = 8954F1032672585100B2DB38 /* JSONParameterEncoder.swift */; };
		8954F1062672587900B2DB38 /* ParameterEncoding.swift in Sources */ = {isa = PBXBuildFile; fileRef = 8954F1052672587900B2DB38 /* ParameterEncoding.swift */; };
		8954F1082672588C00B2DB38 /* URLParameterEncoding.swift in Sources */ = {isa = PBXBuildFile; fileRef = 8954F1072672588C00B2DB38 /* URLParameterEncoding.swift */; };
		8954F10B267258C800B2DB38 /* NetworkAPI.swift in Sources */ = {isa = PBXBuildFile; fileRef = 8954F10A267258C800B2DB38 /* NetworkAPI.swift */; };
		8954F10D267259C500B2DB38 /* NetworkManager.swift in Sources */ = {isa = PBXBuildFile; fileRef = 8954F10C267259C500B2DB38 /* NetworkManager.swift */; };
		8954F11026725A0F00B2DB38 /* EndpointType.swift in Sources */ = {isa = PBXBuildFile; fileRef = 8954F10F26725A0F00B2DB38 /* EndpointType.swift */; };
		8954F11226725A3E00B2DB38 /* HTTPMethod.swift in Sources */ = {isa = PBXBuildFile; fileRef = 8954F11126725A3E00B2DB38 /* HTTPMethod.swift */; };
		8954F11426725A5300B2DB38 /* HTTPTask.swift in Sources */ = {isa = PBXBuildFile; fileRef = 8954F11326725A5300B2DB38 /* HTTPTask.swift */; };
		8954F11626725A6900B2DB38 /* NetworkLogger.swift in Sources */ = {isa = PBXBuildFile; fileRef = 8954F11526725A6900B2DB38 /* NetworkLogger.swift */; };
		8954F11826725AA500B2DB38 /* NetworkRouter.swift in Sources */ = {isa = PBXBuildFile; fileRef = 8954F11726725AA500B2DB38 /* NetworkRouter.swift */; };
		8954F11A26725D9100B2DB38 /* UIViewController+AlertView.swift in Sources */ = {isa = PBXBuildFile; fileRef = 8954F11926725D9100B2DB38 /* UIViewController+AlertView.swift */; };
		8954F120267267D900B2DB38 /* HomeViewModel.swift in Sources */ = {isa = PBXBuildFile; fileRef = 8954F11F267267D900B2DB38 /* HomeViewModel.swift */; };
		8954F1222672729200B2DB38 /* ReposTableView.swift in Sources */ = {isa = PBXBuildFile; fileRef = 8954F1212672729200B2DB38 /* ReposTableView.swift */; };
		8954F1242672732900B2DB38 /* GithubReposView.swift in Sources */ = {isa = PBXBuildFile; fileRef = 8954F1232672732900B2DB38 /* GithubReposView.swift */; };
		8954F1262672741100B2DB38 /* ReposTableViewCell.swift in Sources */ = {isa = PBXBuildFile; fileRef = 8954F1252672741100B2DB38 /* ReposTableViewCell.swift */; };
		8954F1282672780500B2DB38 /* UIImageView+DownloadImage.swift in Sources */ = {isa = PBXBuildFile; fileRef = 8954F1272672780500B2DB38 /* UIImageView+DownloadImage.swift */; };
		8954F12F2672BCA700B2DB38 /* Date+FormattedString.swift in Sources */ = {isa = PBXBuildFile; fileRef = 8954F12E2672BCA700B2DB38 /* Date+FormattedString.swift */; };
		8954F1312672E57600B2DB38 /* String+ToDate.swift in Sources */ = {isa = PBXBuildFile; fileRef = 8954F1302672E57600B2DB38 /* String+ToDate.swift */; };
		9381CFF377BF0827F67C446F /* Pods_GithubRepoList.framework in Frameworks */ = {isa = PBXBuildFile; fileRef = C2736A76B5E9BF65EC7126A1 /* Pods_GithubRepoList.framework */; };
/* End PBXBuildFile section */

/* Begin PBXContainerItemProxy section */
		89068AEA266F7FF800782B0F /* PBXContainerItemProxy */ = {
			isa = PBXContainerItemProxy;
			containerPortal = 89068ACB266F7FF600782B0F /* Project object */;
			proxyType = 1;
			remoteGlobalIDString = 89068AD2266F7FF600782B0F;
			remoteInfo = GithubRepoList;
		};
		89068AF5266F7FF800782B0F /* PBXContainerItemProxy */ = {
			isa = PBXContainerItemProxy;
			containerPortal = 89068ACB266F7FF600782B0F /* Project object */;
			proxyType = 1;
			remoteGlobalIDString = 89068AD2266F7FF600782B0F;
			remoteInfo = GithubRepoList;
		};
/* End PBXContainerItemProxy section */

/* Begin PBXFileReference section */
		0DC0F1B6FC98C47FBCA0633A /* Pods-GithubRepoListTests.release.xcconfig */ = {isa = PBXFileReference; includeInIndex = 1; lastKnownFileType = text.xcconfig; name = "Pods-GithubRepoListTests.release.xcconfig"; path = "Target Support Files/Pods-GithubRepoListTests/Pods-GithubRepoListTests.release.xcconfig"; sourceTree = "<group>"; };
		34363057A6337AB986AF801F /* Pods_GithubRepoList_GithubRepoListUITests.framework */ = {isa = PBXFileReference; explicitFileType = wrapper.framework; includeInIndex = 0; path = Pods_GithubRepoList_GithubRepoListUITests.framework; sourceTree = BUILT_PRODUCTS_DIR; };
		7D15F31FF3C2D4EC9F8CD1CE /* Pods-GithubRepoList.debug.xcconfig */ = {isa = PBXFileReference; includeInIndex = 1; lastKnownFileType = text.xcconfig; name = "Pods-GithubRepoList.debug.xcconfig"; path = "Target Support Files/Pods-GithubRepoList/Pods-GithubRepoList.debug.xcconfig"; sourceTree = "<group>"; };
		837CD60B5904096ED6D25C7B /* Pods-GithubRepoListTests.debug.xcconfig */ = {isa = PBXFileReference; includeInIndex = 1; lastKnownFileType = text.xcconfig; name = "Pods-GithubRepoListTests.debug.xcconfig"; path = "Target Support Files/Pods-GithubRepoListTests/Pods-GithubRepoListTests.debug.xcconfig"; sourceTree = "<group>"; };
		83D7B64918693EDE461EC725 /* Pods-GithubRepoList.release.xcconfig */ = {isa = PBXFileReference; includeInIndex = 1; lastKnownFileType = text.xcconfig; name = "Pods-GithubRepoList.release.xcconfig"; path = "Target Support Files/Pods-GithubRepoList/Pods-GithubRepoList.release.xcconfig"; sourceTree = "<group>"; };
		89068AD3266F7FF600782B0F /* GithubRepoList.app */ = {isa = PBXFileReference; explicitFileType = wrapper.application; includeInIndex = 0; path = GithubRepoList.app; sourceTree = BUILT_PRODUCTS_DIR; };
		89068AD6266F7FF600782B0F /* AppDelegate.swift */ = {isa = PBXFileReference; lastKnownFileType = sourcecode.swift; path = AppDelegate.swift; sourceTree = "<group>"; };
		89068ADA266F7FF600782B0F /* HomeViewController.swift */ = {isa = PBXFileReference; lastKnownFileType = sourcecode.swift; path = HomeViewController.swift; sourceTree = "<group>"; };
		89068ADD266F7FF600782B0F /* Base */ = {isa = PBXFileReference; lastKnownFileType = file.storyboard; name = Base; path = Base.lproj/Main.storyboard; sourceTree = "<group>"; };
		89068ADF266F7FF800782B0F /* Assets.xcassets */ = {isa = PBXFileReference; lastKnownFileType = folder.assetcatalog; path = Assets.xcassets; sourceTree = "<group>"; };
		89068AE2266F7FF800782B0F /* Base */ = {isa = PBXFileReference; lastKnownFileType = file.storyboard; name = Base; path = Base.lproj/LaunchScreen.storyboard; sourceTree = "<group>"; };
		89068AE4266F7FF800782B0F /* Info.plist */ = {isa = PBXFileReference; lastKnownFileType = text.plist.xml; path = Info.plist; sourceTree = "<group>"; };
		89068AE9266F7FF800782B0F /* GithubRepoListTests.xctest */ = {isa = PBXFileReference; explicitFileType = wrapper.cfbundle; includeInIndex = 0; path = GithubRepoListTests.xctest; sourceTree = BUILT_PRODUCTS_DIR; };
		89068AED266F7FF800782B0F /* GithubRepoListTests.swift */ = {isa = PBXFileReference; lastKnownFileType = sourcecode.swift; path = GithubRepoListTests.swift; sourceTree = "<group>"; };
		89068AEF266F7FF800782B0F /* Info.plist */ = {isa = PBXFileReference; lastKnownFileType = text.plist.xml; path = Info.plist; sourceTree = "<group>"; };
		89068AF4266F7FF800782B0F /* GithubRepoListUITests.xctest */ = {isa = PBXFileReference; explicitFileType = wrapper.cfbundle; includeInIndex = 0; path = GithubRepoListUITests.xctest; sourceTree = BUILT_PRODUCTS_DIR; };
		89068AF8266F7FF800782B0F /* GithubRepoListUITests.swift */ = {isa = PBXFileReference; lastKnownFileType = sourcecode.swift; path = GithubRepoListUITests.swift; sourceTree = "<group>"; };
		89068AFA266F7FF800782B0F /* Info.plist */ = {isa = PBXFileReference; lastKnownFileType = text.plist.xml; path = Info.plist; sourceTree = "<group>"; };
		89068B07266F816A00782B0F /* GithubRepoElement.swift */ = {isa = PBXFileReference; lastKnownFileType = sourcecode.swift; path = GithubRepoElement.swift; sourceTree = "<group>"; };
		89068B09266F819F00782B0F /* Owner.swift */ = {isa = PBXFileReference; lastKnownFileType = sourcecode.swift; path = Owner.swift; sourceTree = "<group>"; };
		89068B11266F8F3600782B0F /* AppWindowManager.swift */ = {isa = PBXFileReference; lastKnownFileType = sourcecode.swift; path = AppWindowManager.swift; sourceTree = "<group>"; };
		89068B16266F90B400782B0F /* Reusable.swift */ = {isa = PBXFileReference; lastKnownFileType = sourcecode.swift; path = Reusable.swift; sourceTree = "<group>"; };
		89068B18266F913A00782B0F /* ThemeManager.swift */ = {isa = PBXFileReference; lastKnownFileType = sourcecode.swift; path = ThemeManager.swift; sourceTree = "<group>"; };
		89068B1A266F928500782B0F /* HomeRouter.swift */ = {isa = PBXFileReference; lastKnownFileType = sourcecode.swift; path = HomeRouter.swift; sourceTree = "<group>"; };
		89068B1C266F962E00782B0F /* RepositoryDetailsViewController.swift */ = {isa = PBXFileReference; lastKnownFileType = sourcecode.swift; path = RepositoryDetailsViewController.swift; sourceTree = "<group>"; };
		89535FE22673A47D0055C15F /* RealmManager.swift */ = {isa = PBXFileReference; lastKnownFileType = sourcecode.swift; path = RealmManager.swift; sourceTree = "<group>"; };
		89535FE42673A4C90055C15F /* RealmHelper.swift */ = {isa = PBXFileReference; lastKnownFileType = sourcecode.swift; path = RealmHelper.swift; sourceTree = "<group>"; };
		89535FE62673A6180055C15F /* GithubRepoElementRealm.swift */ = {isa = PBXFileReference; lastKnownFileType = sourcecode.swift; path = GithubRepoElementRealm.swift; sourceTree = "<group>"; };
		89535FEA267420E50055C15F /* OwnerRealm.swift */ = {isa = PBXFileReference; fileEncoding = 4; lastKnownFileType = sourcecode.swift; path = OwnerRealm.swift; sourceTree = "<group>"; };
		8954F1032672585100B2DB38 /* JSONParameterEncoder.swift */ = {isa = PBXFileReference; lastKnownFileType = sourcecode.swift; path = JSONParameterEncoder.swift; sourceTree = "<group>"; };
		8954F1052672587900B2DB38 /* ParameterEncoding.swift */ = {isa = PBXFileReference; lastKnownFileType = sourcecode.swift; path = ParameterEncoding.swift; sourceTree = "<group>"; };
		8954F1072672588C00B2DB38 /* URLParameterEncoding.swift */ = {isa = PBXFileReference; lastKnownFileType = sourcecode.swift; path = URLParameterEncoding.swift; sourceTree = "<group>"; };
		8954F10A267258C800B2DB38 /* NetworkAPI.swift */ = {isa = PBXFileReference; lastKnownFileType = sourcecode.swift; path = NetworkAPI.swift; sourceTree = "<group>"; };
		8954F10C267259C500B2DB38 /* NetworkManager.swift */ = {isa = PBXFileReference; lastKnownFileType = sourcecode.swift; path = NetworkManager.swift; sourceTree = "<group>"; };
		8954F10F26725A0F00B2DB38 /* EndpointType.swift */ = {isa = PBXFileReference; lastKnownFileType = sourcecode.swift; path = EndpointType.swift; sourceTree = "<group>"; };
		8954F11126725A3E00B2DB38 /* HTTPMethod.swift */ = {isa = PBXFileReference; lastKnownFileType = sourcecode.swift; path = HTTPMethod.swift; sourceTree = "<group>"; };
		8954F11326725A5300B2DB38 /* HTTPTask.swift */ = {isa = PBXFileReference; lastKnownFileType = sourcecode.swift; path = HTTPTask.swift; sourceTree = "<group>"; };
		8954F11526725A6900B2DB38 /* NetworkLogger.swift */ = {isa = PBXFileReference; lastKnownFileType = sourcecode.swift; path = NetworkLogger.swift; sourceTree = "<group>"; };
		8954F11726725AA500B2DB38 /* NetworkRouter.swift */ = {isa = PBXFileReference; lastKnownFileType = sourcecode.swift; path = NetworkRouter.swift; sourceTree = "<group>"; };
		8954F11926725D9100B2DB38 /* UIViewController+AlertView.swift */ = {isa = PBXFileReference; lastKnownFileType = sourcecode.swift; path = "UIViewController+AlertView.swift"; sourceTree = "<group>"; };
		8954F11F267267D900B2DB38 /* HomeViewModel.swift */ = {isa = PBXFileReference; lastKnownFileType = sourcecode.swift; path = HomeViewModel.swift; sourceTree = "<group>"; };
		8954F1212672729200B2DB38 /* ReposTableView.swift */ = {isa = PBXFileReference; lastKnownFileType = sourcecode.swift; path = ReposTableView.swift; sourceTree = "<group>"; };
		8954F1232672732900B2DB38 /* GithubReposView.swift */ = {isa = PBXFileReference; lastKnownFileType = sourcecode.swift; path = GithubReposView.swift; sourceTree = "<group>"; };
		8954F1252672741100B2DB38 /* ReposTableViewCell.swift */ = {isa = PBXFileReference; lastKnownFileType = sourcecode.swift; path = ReposTableViewCell.swift; sourceTree = "<group>"; };
		8954F1272672780500B2DB38 /* UIImageView+DownloadImage.swift */ = {isa = PBXFileReference; lastKnownFileType = sourcecode.swift; path = "UIImageView+DownloadImage.swift"; sourceTree = "<group>"; };
		8954F12E2672BCA700B2DB38 /* Date+FormattedString.swift */ = {isa = PBXFileReference; lastKnownFileType = sourcecode.swift; path = "Date+FormattedString.swift"; sourceTree = "<group>"; };
		8954F1302672E57600B2DB38 /* String+ToDate.swift */ = {isa = PBXFileReference; lastKnownFileType = sourcecode.swift; path = "String+ToDate.swift"; sourceTree = "<group>"; };
		ADF40F76659CF9EDA344C51F /* Pods-GithubRepoList-GithubRepoListUITests.release.xcconfig */ = {isa = PBXFileReference; includeInIndex = 1; lastKnownFileType = text.xcconfig; name = "Pods-GithubRepoList-GithubRepoListUITests.release.xcconfig"; path = "Target Support Files/Pods-GithubRepoList-GithubRepoListUITests/Pods-GithubRepoList-GithubRepoListUITests.release.xcconfig"; sourceTree = "<group>"; };
		AF6A865A7A9BF9BEBEEEA9D5 /* Pods_GithubRepoListTests.framework */ = {isa = PBXFileReference; explicitFileType = wrapper.framework; includeInIndex = 0; path = Pods_GithubRepoListTests.framework; sourceTree = BUILT_PRODUCTS_DIR; };
		BAD3E297A09396224597B25F /* Pods-GithubRepoList-GithubRepoListUITests.debug.xcconfig */ = {isa = PBXFileReference; includeInIndex = 1; lastKnownFileType = text.xcconfig; name = "Pods-GithubRepoList-GithubRepoListUITests.debug.xcconfig"; path = "Target Support Files/Pods-GithubRepoList-GithubRepoListUITests/Pods-GithubRepoList-GithubRepoListUITests.debug.xcconfig"; sourceTree = "<group>"; };
		C2736A76B5E9BF65EC7126A1 /* Pods_GithubRepoList.framework */ = {isa = PBXFileReference; explicitFileType = wrapper.framework; includeInIndex = 0; path = Pods_GithubRepoList.framework; sourceTree = BUILT_PRODUCTS_DIR; };
/* End PBXFileReference section */

/* Begin PBXFrameworksBuildPhase section */
		89068AD0266F7FF600782B0F /* Frameworks */ = {
			isa = PBXFrameworksBuildPhase;
			buildActionMask = 2147483647;
			files = (
				9381CFF377BF0827F67C446F /* Pods_GithubRepoList.framework in Frameworks */,
			);
			runOnlyForDeploymentPostprocessing = 0;
		};
		89068AE6266F7FF800782B0F /* Frameworks */ = {
			isa = PBXFrameworksBuildPhase;
			buildActionMask = 2147483647;
			files = (
				88382B068EEA1C2F98C435E6 /* Pods_GithubRepoListTests.framework in Frameworks */,
			);
			runOnlyForDeploymentPostprocessing = 0;
		};
		89068AF1266F7FF800782B0F /* Frameworks */ = {
			isa = PBXFrameworksBuildPhase;
			buildActionMask = 2147483647;
			files = (
				115374A63C62C86ED8FE33B7 /* Pods_GithubRepoList_GithubRepoListUITests.framework in Frameworks */,
			);
			runOnlyForDeploymentPostprocessing = 0;
		};
/* End PBXFrameworksBuildPhase section */

/* Begin PBXGroup section */
		4C65928DAFA154812643033B /* Frameworks */ = {
			isa = PBXGroup;
			children = (
				C2736A76B5E9BF65EC7126A1 /* Pods_GithubRepoList.framework */,
				34363057A6337AB986AF801F /* Pods_GithubRepoList_GithubRepoListUITests.framework */,
				AF6A865A7A9BF9BEBEEEA9D5 /* Pods_GithubRepoListTests.framework */,
			);
			name = Frameworks;
			sourceTree = "<group>";
		};
		89068ACA266F7FF600782B0F = {
			isa = PBXGroup;
			children = (
				89068AD5266F7FF600782B0F /* GithubRepoList */,
				89068AEC266F7FF800782B0F /* GithubRepoListTests */,
				89068AF7266F7FF800782B0F /* GithubRepoListUITests */,
				89068AD4266F7FF600782B0F /* Products */,
				F9D8F725B86C0EEC85A99421 /* Pods */,
				4C65928DAFA154812643033B /* Frameworks */,
			);
			sourceTree = "<group>";
		};
		89068AD4266F7FF600782B0F /* Products */ = {
			isa = PBXGroup;
			children = (
				89068AD3266F7FF600782B0F /* GithubRepoList.app */,
				89068AE9266F7FF800782B0F /* GithubRepoListTests.xctest */,
				89068AF4266F7FF800782B0F /* GithubRepoListUITests.xctest */,
			);
			name = Products;
			sourceTree = "<group>";
		};
		89068AD5266F7FF600782B0F /* GithubRepoList */ = {
			isa = PBXGroup;
			children = (
				8954F1012672569E00B2DB38 /* Networking */,
				89068B13266F8FA100782B0F /* Main */,
				89068B10266F8F2700782B0F /* Managers */,
				89068B06266F815200782B0F /* Models */,
				89068B14266F8FC900782B0F /* Modules */,
				89068B15266F909600782B0F /* Utilities */,
				89068ADF266F7FF800782B0F /* Assets.xcassets */,
				89068AE4266F7FF800782B0F /* Info.plist */,
			);
			path = GithubRepoList;
			sourceTree = "<group>";
		};
		89068AEC266F7FF800782B0F /* GithubRepoListTests */ = {
			isa = PBXGroup;
			children = (
				89068AED266F7FF800782B0F /* GithubRepoListTests.swift */,
				89068AEF266F7FF800782B0F /* Info.plist */,
			);
			path = GithubRepoListTests;
			sourceTree = "<group>";
		};
		89068AF7266F7FF800782B0F /* GithubRepoListUITests */ = {
			isa = PBXGroup;
			children = (
				89068AF8266F7FF800782B0F /* GithubRepoListUITests.swift */,
				89068AFA266F7FF800782B0F /* Info.plist */,
			);
			path = GithubRepoListUITests;
			sourceTree = "<group>";
		};
		89068B06266F815200782B0F /* Models */ = {
			isa = PBXGroup;
			children = (
				89068B07266F816A00782B0F /* GithubRepoElement.swift */,
				89535FE62673A6180055C15F /* GithubRepoElementRealm.swift */,
				89068B09266F819F00782B0F /* Owner.swift */,
				89535FEA267420E50055C15F /* OwnerRealm.swift */,
			);
			path = Models;
			sourceTree = "<group>";
		};
		89068B10266F8F2700782B0F /* Managers */ = {
			isa = PBXGroup;
			children = (
				89068B11266F8F3600782B0F /* AppWindowManager.swift */,
				89068B18266F913A00782B0F /* ThemeManager.swift */,
			);
			path = Managers;
			sourceTree = "<group>";
		};
		89068B13266F8FA100782B0F /* Main */ = {
			isa = PBXGroup;
			children = (
				89068AD6266F7FF600782B0F /* AppDelegate.swift */,
				89068ADC266F7FF600782B0F /* Main.storyboard */,
				89068AE1266F7FF800782B0F /* LaunchScreen.storyboard */,
			);
			path = Main;
			sourceTree = "<group>";
		};
		89068B14266F8FC900782B0F /* Modules */ = {
			isa = PBXGroup;
			children = (
				89068B1E266F96E800782B0F /* Home */,
				89068B1F266F96FC00782B0F /* RepositoryDetails */,
			);
			path = Modules;
			sourceTree = "<group>";
		};
		89068B15266F909600782B0F /* Utilities */ = {
			isa = PBXGroup;
			children = (
				89068B16266F90B400782B0F /* Reusable.swift */,
				89535FE42673A4C90055C15F /* RealmHelper.swift */,
				89535FE22673A47D0055C15F /* RealmManager.swift */,
				89535FE12673A4080055C15F /* Extensions */,
			);
			path = Utilities;
			sourceTree = "<group>";
		};
		89068B1E266F96E800782B0F /* Home */ = {
			isa = PBXGroup;
			children = (
				8954F12926727FC900B2DB38 /* Views */,
				89068ADA266F7FF600782B0F /* HomeViewController.swift */,
				89068B1A266F928500782B0F /* HomeRouter.swift */,
				8954F11F267267D900B2DB38 /* HomeViewModel.swift */,
			);
			path = Home;
			sourceTree = "<group>";
		};
		89068B1F266F96FC00782B0F /* RepositoryDetails */ = {
			isa = PBXGroup;
			children = (
				89068B1C266F962E00782B0F /* RepositoryDetailsViewController.swift */,
			);
			path = RepositoryDetails;
			sourceTree = "<group>";
		};
		89535FE12673A4080055C15F /* Extensions */ = {
			isa = PBXGroup;
			children = (
				8954F11926725D9100B2DB38 /* UIViewController+AlertView.swift */,
				8954F1272672780500B2DB38 /* UIImageView+DownloadImage.swift */,
				8954F12E2672BCA700B2DB38 /* Date+FormattedString.swift */,
				8954F1302672E57600B2DB38 /* String+ToDate.swift */,
			);
			path = Extensions;
			sourceTree = "<group>";
		};
		8954F1012672569E00B2DB38 /* Networking */ = {
			isa = PBXGroup;
			children = (
				8954F10E267259F700B2DB38 /* Service */,
				8954F1022672581400B2DB38 /* Encoding */,
				8954F10A267258C800B2DB38 /* NetworkAPI.swift */,
				8954F10C267259C500B2DB38 /* NetworkManager.swift */,
			);
			path = Networking;
			sourceTree = "<group>";
		};
		8954F1022672581400B2DB38 /* Encoding */ = {
			isa = PBXGroup;
			children = (
				8954F1032672585100B2DB38 /* JSONParameterEncoder.swift */,
				8954F1052672587900B2DB38 /* ParameterEncoding.swift */,
				8954F1072672588C00B2DB38 /* URLParameterEncoding.swift */,
			);
			path = Encoding;
			sourceTree = "<group>";
		};
		8954F10E267259F700B2DB38 /* Service */ = {
			isa = PBXGroup;
			children = (
				8954F10F26725A0F00B2DB38 /* EndpointType.swift */,
				8954F11126725A3E00B2DB38 /* HTTPMethod.swift */,
				8954F11326725A5300B2DB38 /* HTTPTask.swift */,
				8954F11526725A6900B2DB38 /* NetworkLogger.swift */,
				8954F11726725AA500B2DB38 /* NetworkRouter.swift */,
			);
			path = Service;
			sourceTree = "<group>";
		};
		8954F12926727FC900B2DB38 /* Views */ = {
			isa = PBXGroup;
			children = (
				8954F1212672729200B2DB38 /* ReposTableView.swift */,
				8954F1232672732900B2DB38 /* GithubReposView.swift */,
				8954F1252672741100B2DB38 /* ReposTableViewCell.swift */,
			);
			path = Views;
			sourceTree = "<group>";
		};
		F9D8F725B86C0EEC85A99421 /* Pods */ = {
			isa = PBXGroup;
			children = (
				7D15F31FF3C2D4EC9F8CD1CE /* Pods-GithubRepoList.debug.xcconfig */,
				83D7B64918693EDE461EC725 /* Pods-GithubRepoList.release.xcconfig */,
				BAD3E297A09396224597B25F /* Pods-GithubRepoList-GithubRepoListUITests.debug.xcconfig */,
				ADF40F76659CF9EDA344C51F /* Pods-GithubRepoList-GithubRepoListUITests.release.xcconfig */,
				837CD60B5904096ED6D25C7B /* Pods-GithubRepoListTests.debug.xcconfig */,
				0DC0F1B6FC98C47FBCA0633A /* Pods-GithubRepoListTests.release.xcconfig */,
			);
			path = Pods;
			sourceTree = "<group>";
		};
/* End PBXGroup section */

/* Begin PBXNativeTarget section */
		89068AD2266F7FF600782B0F /* GithubRepoList */ = {
			isa = PBXNativeTarget;
			buildConfigurationList = 89068AFD266F7FF800782B0F /* Build configuration list for PBXNativeTarget "GithubRepoList" */;
			buildPhases = (
				F513DEE5769C856134EFE013 /* [CP] Check Pods Manifest.lock */,
				89068ACF266F7FF600782B0F /* Sources */,
				89068AD0266F7FF600782B0F /* Frameworks */,
				89068AD1266F7FF600782B0F /* Resources */,
				6701FDC085F0C2AD4FBD1452 /* [CP] Embed Pods Frameworks */,
			);
			buildRules = (
			);
			dependencies = (
			);
			name = GithubRepoList;
			productName = GithubRepoList;
			productReference = 89068AD3266F7FF600782B0F /* GithubRepoList.app */;
			productType = "com.apple.product-type.application";
		};
		89068AE8266F7FF800782B0F /* GithubRepoListTests */ = {
			isa = PBXNativeTarget;
			buildConfigurationList = 89068B00266F7FF800782B0F /* Build configuration list for PBXNativeTarget "GithubRepoListTests" */;
			buildPhases = (
				8E7D7DE7D736538B203353EF /* [CP] Check Pods Manifest.lock */,
				89068AE5266F7FF800782B0F /* Sources */,
				89068AE6266F7FF800782B0F /* Frameworks */,
				89068AE7266F7FF800782B0F /* Resources */,
			);
			buildRules = (
			);
			dependencies = (
				89068AEB266F7FF800782B0F /* PBXTargetDependency */,
			);
			name = GithubRepoListTests;
			productName = GithubRepoListTests;
			productReference = 89068AE9266F7FF800782B0F /* GithubRepoListTests.xctest */;
			productType = "com.apple.product-type.bundle.unit-test";
		};
		89068AF3266F7FF800782B0F /* GithubRepoListUITests */ = {
			isa = PBXNativeTarget;
			buildConfigurationList = 89068B03266F7FF800782B0F /* Build configuration list for PBXNativeTarget "GithubRepoListUITests" */;
			buildPhases = (
				7CE04B97CF868724931A5C1C /* [CP] Check Pods Manifest.lock */,
				89068AF0266F7FF800782B0F /* Sources */,
				89068AF1266F7FF800782B0F /* Frameworks */,
				89068AF2266F7FF800782B0F /* Resources */,
				4113589288C20BF821E6961F /* [CP] Embed Pods Frameworks */,
			);
			buildRules = (
			);
			dependencies = (
				89068AF6266F7FF800782B0F /* PBXTargetDependency */,
			);
			name = GithubRepoListUITests;
			productName = GithubRepoListUITests;
			productReference = 89068AF4266F7FF800782B0F /* GithubRepoListUITests.xctest */;
			productType = "com.apple.product-type.bundle.ui-testing";
		};
/* End PBXNativeTarget section */

/* Begin PBXProject section */
		89068ACB266F7FF600782B0F /* Project object */ = {
			isa = PBXProject;
			attributes = {
				LastSwiftUpdateCheck = 1250;
				LastUpgradeCheck = 1250;
				TargetAttributes = {
					89068AD2266F7FF600782B0F = {
						CreatedOnToolsVersion = 12.5;
					};
					89068AE8266F7FF800782B0F = {
						CreatedOnToolsVersion = 12.5;
						TestTargetID = 89068AD2266F7FF600782B0F;
					};
					89068AF3266F7FF800782B0F = {
						CreatedOnToolsVersion = 12.5;
						TestTargetID = 89068AD2266F7FF600782B0F;
					};
				};
			};
			buildConfigurationList = 89068ACE266F7FF600782B0F /* Build configuration list for PBXProject "GithubRepoList" */;
			compatibilityVersion = "Xcode 9.3";
			developmentRegion = en;
			hasScannedForEncodings = 0;
			knownRegions = (
				en,
				Base,
			);
			mainGroup = 89068ACA266F7FF600782B0F;
			productRefGroup = 89068AD4266F7FF600782B0F /* Products */;
			projectDirPath = "";
			projectRoot = "";
			targets = (
				89068AD2266F7FF600782B0F /* GithubRepoList */,
				89068AE8266F7FF800782B0F /* GithubRepoListTests */,
				89068AF3266F7FF800782B0F /* GithubRepoListUITests */,
			);
		};
/* End PBXProject section */

/* Begin PBXResourcesBuildPhase section */
		89068AD1266F7FF600782B0F /* Resources */ = {
			isa = PBXResourcesBuildPhase;
			buildActionMask = 2147483647;
			files = (
				89068AE3266F7FF800782B0F /* LaunchScreen.storyboard in Resources */,
				89068AE0266F7FF800782B0F /* Assets.xcassets in Resources */,
				89068ADE266F7FF600782B0F /* Main.storyboard in Resources */,
			);
			runOnlyForDeploymentPostprocessing = 0;
		};
		89068AE7266F7FF800782B0F /* Resources */ = {
			isa = PBXResourcesBuildPhase;
			buildActionMask = 2147483647;
			files = (
			);
			runOnlyForDeploymentPostprocessing = 0;
		};
		89068AF2266F7FF800782B0F /* Resources */ = {
			isa = PBXResourcesBuildPhase;
			buildActionMask = 2147483647;
			files = (
			);
			runOnlyForDeploymentPostprocessing = 0;
		};
/* End PBXResourcesBuildPhase section */

/* Begin PBXShellScriptBuildPhase section */
		4113589288C20BF821E6961F /* [CP] Embed Pods Frameworks */ = {
			isa = PBXShellScriptBuildPhase;
			buildActionMask = 2147483647;
			files = (
			);
			inputFileListPaths = (
				"${PODS_ROOT}/Target Support Files/Pods-GithubRepoList-GithubRepoListUITests/Pods-GithubRepoList-GithubRepoListUITests-frameworks-${CONFIGURATION}-input-files.xcfilelist",
			);
			name = "[CP] Embed Pods Frameworks";
			outputFileListPaths = (
				"${PODS_ROOT}/Target Support Files/Pods-GithubRepoList-GithubRepoListUITests/Pods-GithubRepoList-GithubRepoListUITests-frameworks-${CONFIGURATION}-output-files.xcfilelist",
			);
			runOnlyForDeploymentPostprocessing = 0;
			shellPath = /bin/sh;
			shellScript = "\"${PODS_ROOT}/Target Support Files/Pods-GithubRepoList-GithubRepoListUITests/Pods-GithubRepoList-GithubRepoListUITests-frameworks.sh\"\n";
			showEnvVarsInLog = 0;
		};
		6701FDC085F0C2AD4FBD1452 /* [CP] Embed Pods Frameworks */ = {
			isa = PBXShellScriptBuildPhase;
			buildActionMask = 2147483647;
			files = (
			);
			inputFileListPaths = (
				"${PODS_ROOT}/Target Support Files/Pods-GithubRepoList/Pods-GithubRepoList-frameworks-${CONFIGURATION}-input-files.xcfilelist",
			);
			name = "[CP] Embed Pods Frameworks";
			outputFileListPaths = (
				"${PODS_ROOT}/Target Support Files/Pods-GithubRepoList/Pods-GithubRepoList-frameworks-${CONFIGURATION}-output-files.xcfilelist",
			);
			runOnlyForDeploymentPostprocessing = 0;
			shellPath = /bin/sh;
			shellScript = "\"${PODS_ROOT}/Target Support Files/Pods-GithubRepoList/Pods-GithubRepoList-frameworks.sh\"\n";
			showEnvVarsInLog = 0;
		};
		7CE04B97CF868724931A5C1C /* [CP] Check Pods Manifest.lock */ = {
			isa = PBXShellScriptBuildPhase;
			buildActionMask = 2147483647;
			files = (
			);
			inputFileListPaths = (
			);
			inputPaths = (
				"${PODS_PODFILE_DIR_PATH}/Podfile.lock",
				"${PODS_ROOT}/Manifest.lock",
			);
			name = "[CP] Check Pods Manifest.lock";
			outputFileListPaths = (
			);
			outputPaths = (
				"$(DERIVED_FILE_DIR)/Pods-GithubRepoList-GithubRepoListUITests-checkManifestLockResult.txt",
			);
			runOnlyForDeploymentPostprocessing = 0;
			shellPath = /bin/sh;
			shellScript = "diff \"${PODS_PODFILE_DIR_PATH}/Podfile.lock\" \"${PODS_ROOT}/Manifest.lock\" > /dev/null\nif [ $? != 0 ] ; then\n    # print error to STDERR\n    echo \"error: The sandbox is not in sync with the Podfile.lock. Run 'pod install' or update your CocoaPods installation.\" >&2\n    exit 1\nfi\n# This output is used by Xcode 'outputs' to avoid re-running this script phase.\necho \"SUCCESS\" > \"${SCRIPT_OUTPUT_FILE_0}\"\n";
			showEnvVarsInLog = 0;
		};
		8E7D7DE7D736538B203353EF /* [CP] Check Pods Manifest.lock */ = {
			isa = PBXShellScriptBuildPhase;
			buildActionMask = 2147483647;
			files = (
			);
			inputFileListPaths = (
			);
			inputPaths = (
				"${PODS_PODFILE_DIR_PATH}/Podfile.lock",
				"${PODS_ROOT}/Manifest.lock",
			);
			name = "[CP] Check Pods Manifest.lock";
			outputFileListPaths = (
			);
			outputPaths = (
				"$(DERIVED_FILE_DIR)/Pods-GithubRepoListTests-checkManifestLockResult.txt",
			);
			runOnlyForDeploymentPostprocessing = 0;
			shellPath = /bin/sh;
			shellScript = "diff \"${PODS_PODFILE_DIR_PATH}/Podfile.lock\" \"${PODS_ROOT}/Manifest.lock\" > /dev/null\nif [ $? != 0 ] ; then\n    # print error to STDERR\n    echo \"error: The sandbox is not in sync with the Podfile.lock. Run 'pod install' or update your CocoaPods installation.\" >&2\n    exit 1\nfi\n# This output is used by Xcode 'outputs' to avoid re-running this script phase.\necho \"SUCCESS\" > \"${SCRIPT_OUTPUT_FILE_0}\"\n";
			showEnvVarsInLog = 0;
		};
		F513DEE5769C856134EFE013 /* [CP] Check Pods Manifest.lock */ = {
			isa = PBXShellScriptBuildPhase;
			buildActionMask = 2147483647;
			files = (
			);
			inputFileListPaths = (
			);
			inputPaths = (
				"${PODS_PODFILE_DIR_PATH}/Podfile.lock",
				"${PODS_ROOT}/Manifest.lock",
			);
			name = "[CP] Check Pods Manifest.lock";
			outputFileListPaths = (
			);
			outputPaths = (
				"$(DERIVED_FILE_DIR)/Pods-GithubRepoList-checkManifestLockResult.txt",
			);
			runOnlyForDeploymentPostprocessing = 0;
			shellPath = /bin/sh;
			shellScript = "diff \"${PODS_PODFILE_DIR_PATH}/Podfile.lock\" \"${PODS_ROOT}/Manifest.lock\" > /dev/null\nif [ $? != 0 ] ; then\n    # print error to STDERR\n    echo \"error: The sandbox is not in sync with the Podfile.lock. Run 'pod install' or update your CocoaPods installation.\" >&2\n    exit 1\nfi\n# This output is used by Xcode 'outputs' to avoid re-running this script phase.\necho \"SUCCESS\" > \"${SCRIPT_OUTPUT_FILE_0}\"\n";
			showEnvVarsInLog = 0;
		};
/* End PBXShellScriptBuildPhase section */

/* Begin PBXSourcesBuildPhase section */
		89068ACF266F7FF600782B0F /* Sources */ = {
			isa = PBXSourcesBuildPhase;
			buildActionMask = 2147483647;
			files = (
				8954F11626725A6900B2DB38 /* NetworkLogger.swift in Sources */,
				89535FE52673A4C90055C15F /* RealmHelper.swift in Sources */,
				89068B12266F8F3600782B0F /* AppWindowManager.swift in Sources */,
				89068B08266F816A00782B0F /* GithubRepoElement.swift in Sources */,
				8954F1222672729200B2DB38 /* ReposTableView.swift in Sources */,
				89068B0A266F819F00782B0F /* Owner.swift in Sources */,
				8954F10D267259C500B2DB38 /* NetworkManager.swift in Sources */,
				89535FEB267420E50055C15F /* OwnerRealm.swift in Sources */,
				8954F120267267D900B2DB38 /* HomeViewModel.swift in Sources */,
				89068B1D266F962E00782B0F /* RepositoryDetailsViewController.swift in Sources */,
				8954F11426725A5300B2DB38 /* HTTPTask.swift in Sources */,
				8954F12F2672BCA700B2DB38 /* Date+FormattedString.swift in Sources */,
				89068B17266F90B400782B0F /* Reusable.swift in Sources */,
				8954F1082672588C00B2DB38 /* URLParameterEncoding.swift in Sources */,
				89535FE72673A6180055C15F /* GithubRepoElementRealm.swift in Sources */,
				89068B19266F913A00782B0F /* ThemeManager.swift in Sources */,
				8954F1062672587900B2DB38 /* ParameterEncoding.swift in Sources */,
				89535FE32673A47D0055C15F /* RealmManager.swift in Sources */,
				8954F11A26725D9100B2DB38 /* UIViewController+AlertView.swift in Sources */,
				89068ADB266F7FF600782B0F /* HomeViewController.swift in Sources */,
				8954F11026725A0F00B2DB38 /* EndpointType.swift in Sources */,
				8954F1042672585100B2DB38 /* JSONParameterEncoder.swift in Sources */,
				8954F1242672732900B2DB38 /* GithubReposView.swift in Sources */,
				8954F1262672741100B2DB38 /* ReposTableViewCell.swift in Sources */,
				8954F1312672E57600B2DB38 /* String+ToDate.swift in Sources */,
				8954F11226725A3E00B2DB38 /* HTTPMethod.swift in Sources */,
				89068AD7266F7FF600782B0F /* AppDelegate.swift in Sources */,
				8954F1282672780500B2DB38 /* UIImageView+DownloadImage.swift in Sources */,
				89068B1B266F928500782B0F /* HomeRouter.swift in Sources */,
				8954F10B267258C800B2DB38 /* NetworkAPI.swift in Sources */,
				8954F11826725AA500B2DB38 /* NetworkRouter.swift in Sources */,
			);
			runOnlyForDeploymentPostprocessing = 0;
		};
		89068AE5266F7FF800782B0F /* Sources */ = {
			isa = PBXSourcesBuildPhase;
			buildActionMask = 2147483647;
			files = (
				89068AEE266F7FF800782B0F /* GithubRepoListTests.swift in Sources */,
			);
			runOnlyForDeploymentPostprocessing = 0;
		};
		89068AF0266F7FF800782B0F /* Sources */ = {
			isa = PBXSourcesBuildPhase;
			buildActionMask = 2147483647;
			files = (
				89068AF9266F7FF800782B0F /* GithubRepoListUITests.swift in Sources */,
			);
			runOnlyForDeploymentPostprocessing = 0;
		};
/* End PBXSourcesBuildPhase section */

/* Begin PBXTargetDependency section */
		89068AEB266F7FF800782B0F /* PBXTargetDependency */ = {
			isa = PBXTargetDependency;
			target = 89068AD2266F7FF600782B0F /* GithubRepoList */;
			targetProxy = 89068AEA266F7FF800782B0F /* PBXContainerItemProxy */;
		};
		89068AF6266F7FF800782B0F /* PBXTargetDependency */ = {
			isa = PBXTargetDependency;
			target = 89068AD2266F7FF600782B0F /* GithubRepoList */;
			targetProxy = 89068AF5266F7FF800782B0F /* PBXContainerItemProxy */;
		};
/* End PBXTargetDependency section */

/* Begin PBXVariantGroup section */
		89068ADC266F7FF600782B0F /* Main.storyboard */ = {
			isa = PBXVariantGroup;
			children = (
				89068ADD266F7FF600782B0F /* Base */,
			);
			name = Main.storyboard;
			sourceTree = "<group>";
		};
		89068AE1266F7FF800782B0F /* LaunchScreen.storyboard */ = {
			isa = PBXVariantGroup;
			children = (
				89068AE2266F7FF800782B0F /* Base */,
			);
			name = LaunchScreen.storyboard;
			sourceTree = "<group>";
		};
/* End PBXVariantGroup section */

/* Begin XCBuildConfiguration section */
		89068AFB266F7FF800782B0F /* Debug */ = {
			isa = XCBuildConfiguration;
			buildSettings = {
				ALWAYS_SEARCH_USER_PATHS = NO;
				CLANG_ANALYZER_NONNULL = YES;
				CLANG_ANALYZER_NUMBER_OBJECT_CONVERSION = YES_AGGRESSIVE;
				CLANG_CXX_LANGUAGE_STANDARD = "gnu++14";
				CLANG_CXX_LIBRARY = "libc++";
				CLANG_ENABLE_MODULES = YES;
				CLANG_ENABLE_OBJC_ARC = YES;
				CLANG_ENABLE_OBJC_WEAK = YES;
				CLANG_WARN_BLOCK_CAPTURE_AUTORELEASING = YES;
				CLANG_WARN_BOOL_CONVERSION = YES;
				CLANG_WARN_COMMA = YES;
				CLANG_WARN_CONSTANT_CONVERSION = YES;
				CLANG_WARN_DEPRECATED_OBJC_IMPLEMENTATIONS = YES;
				CLANG_WARN_DIRECT_OBJC_ISA_USAGE = YES_ERROR;
				CLANG_WARN_DOCUMENTATION_COMMENTS = YES;
				CLANG_WARN_EMPTY_BODY = YES;
				CLANG_WARN_ENUM_CONVERSION = YES;
				CLANG_WARN_INFINITE_RECURSION = YES;
				CLANG_WARN_INT_CONVERSION = YES;
				CLANG_WARN_NON_LITERAL_NULL_CONVERSION = YES;
				CLANG_WARN_OBJC_IMPLICIT_RETAIN_SELF = YES;
				CLANG_WARN_OBJC_LITERAL_CONVERSION = YES;
				CLANG_WARN_OBJC_ROOT_CLASS = YES_ERROR;
				CLANG_WARN_QUOTED_INCLUDE_IN_FRAMEWORK_HEADER = YES;
				CLANG_WARN_RANGE_LOOP_ANALYSIS = YES;
				CLANG_WARN_STRICT_PROTOTYPES = YES;
				CLANG_WARN_SUSPICIOUS_MOVE = YES;
				CLANG_WARN_UNGUARDED_AVAILABILITY = YES_AGGRESSIVE;
				CLANG_WARN_UNREACHABLE_CODE = YES;
				CLANG_WARN__DUPLICATE_METHOD_MATCH = YES;
				COPY_PHASE_STRIP = NO;
				DEBUG_INFORMATION_FORMAT = dwarf;
				ENABLE_STRICT_OBJC_MSGSEND = YES;
				ENABLE_TESTABILITY = YES;
				GCC_C_LANGUAGE_STANDARD = gnu11;
				GCC_DYNAMIC_NO_PIC = NO;
				GCC_NO_COMMON_BLOCKS = YES;
				GCC_OPTIMIZATION_LEVEL = 0;
				GCC_PREPROCESSOR_DEFINITIONS = (
					"DEBUG=1",
					"$(inherited)",
				);
				GCC_WARN_64_TO_32_BIT_CONVERSION = YES;
				GCC_WARN_ABOUT_RETURN_TYPE = YES_ERROR;
				GCC_WARN_UNDECLARED_SELECTOR = YES;
				GCC_WARN_UNINITIALIZED_AUTOS = YES_AGGRESSIVE;
				GCC_WARN_UNUSED_FUNCTION = YES;
				GCC_WARN_UNUSED_VARIABLE = YES;
				IPHONEOS_DEPLOYMENT_TARGET = 12.3;
				MTL_ENABLE_DEBUG_INFO = INCLUDE_SOURCE;
				MTL_FAST_MATH = YES;
				ONLY_ACTIVE_ARCH = YES;
				SDKROOT = iphoneos;
				SWIFT_ACTIVE_COMPILATION_CONDITIONS = DEBUG;
				SWIFT_OPTIMIZATION_LEVEL = "-Onone";
			};
			name = Debug;
		};
		89068AFC266F7FF800782B0F /* Release */ = {
			isa = XCBuildConfiguration;
			buildSettings = {
				ALWAYS_SEARCH_USER_PATHS = NO;
				CLANG_ANALYZER_NONNULL = YES;
				CLANG_ANALYZER_NUMBER_OBJECT_CONVERSION = YES_AGGRESSIVE;
				CLANG_CXX_LANGUAGE_STANDARD = "gnu++14";
				CLANG_CXX_LIBRARY = "libc++";
				CLANG_ENABLE_MODULES = YES;
				CLANG_ENABLE_OBJC_ARC = YES;
				CLANG_ENABLE_OBJC_WEAK = YES;
				CLANG_WARN_BLOCK_CAPTURE_AUTORELEASING = YES;
				CLANG_WARN_BOOL_CONVERSION = YES;
				CLANG_WARN_COMMA = YES;
				CLANG_WARN_CONSTANT_CONVERSION = YES;
				CLANG_WARN_DEPRECATED_OBJC_IMPLEMENTATIONS = YES;
				CLANG_WARN_DIRECT_OBJC_ISA_USAGE = YES_ERROR;
				CLANG_WARN_DOCUMENTATION_COMMENTS = YES;
				CLANG_WARN_EMPTY_BODY = YES;
				CLANG_WARN_ENUM_CONVERSION = YES;
				CLANG_WARN_INFINITE_RECURSION = YES;
				CLANG_WARN_INT_CONVERSION = YES;
				CLANG_WARN_NON_LITERAL_NULL_CONVERSION = YES;
				CLANG_WARN_OBJC_IMPLICIT_RETAIN_SELF = YES;
				CLANG_WARN_OBJC_LITERAL_CONVERSION = YES;
				CLANG_WARN_OBJC_ROOT_CLASS = YES_ERROR;
				CLANG_WARN_QUOTED_INCLUDE_IN_FRAMEWORK_HEADER = YES;
				CLANG_WARN_RANGE_LOOP_ANALYSIS = YES;
				CLANG_WARN_STRICT_PROTOTYPES = YES;
				CLANG_WARN_SUSPICIOUS_MOVE = YES;
				CLANG_WARN_UNGUARDED_AVAILABILITY = YES_AGGRESSIVE;
				CLANG_WARN_UNREACHABLE_CODE = YES;
				CLANG_WARN__DUPLICATE_METHOD_MATCH = YES;
				COPY_PHASE_STRIP = NO;
				DEBUG_INFORMATION_FORMAT = "dwarf-with-dsym";
				ENABLE_NS_ASSERTIONS = NO;
				ENABLE_STRICT_OBJC_MSGSEND = YES;
				GCC_C_LANGUAGE_STANDARD = gnu11;
				GCC_NO_COMMON_BLOCKS = YES;
				GCC_WARN_64_TO_32_BIT_CONVERSION = YES;
				GCC_WARN_ABOUT_RETURN_TYPE = YES_ERROR;
				GCC_WARN_UNDECLARED_SELECTOR = YES;
				GCC_WARN_UNINITIALIZED_AUTOS = YES_AGGRESSIVE;
				GCC_WARN_UNUSED_FUNCTION = YES;
				GCC_WARN_UNUSED_VARIABLE = YES;
				IPHONEOS_DEPLOYMENT_TARGET = 12.3;
				MTL_ENABLE_DEBUG_INFO = NO;
				MTL_FAST_MATH = YES;
				SDKROOT = iphoneos;
				SWIFT_COMPILATION_MODE = wholemodule;
				SWIFT_OPTIMIZATION_LEVEL = "-O";
				VALIDATE_PRODUCT = YES;
			};
			name = Release;
		};
		89068AFE266F7FF800782B0F /* Debug */ = {
			isa = XCBuildConfiguration;
			baseConfigurationReference = 7D15F31FF3C2D4EC9F8CD1CE /* Pods-GithubRepoList.debug.xcconfig */;
			buildSettings = {
				ASSETCATALOG_COMPILER_APPICON_NAME = AppIcon;
				ASSETCATALOG_COMPILER_GLOBAL_ACCENT_COLOR_NAME = AccentColor;
				CODE_SIGN_STYLE = Automatic;
				DEVELOPMENT_TEAM = RSUL65K5BS;
				INFOPLIST_FILE = GithubRepoList/Info.plist;
				LD_RUNPATH_SEARCH_PATHS = (
					"$(inherited)",
					"@executable_path/Frameworks",
				);
				PRODUCT_BUNDLE_IDENTIFIER = NadaKamel.GithubRepoList;
				PRODUCT_NAME = "$(TARGET_NAME)";
				SWIFT_VERSION = 5.0;
				TARGETED_DEVICE_FAMILY = "1,2";
			};
			name = Debug;
		};
		89068AFF266F7FF800782B0F /* Release */ = {
			isa = XCBuildConfiguration;
			baseConfigurationReference = 83D7B64918693EDE461EC725 /* Pods-GithubRepoList.release.xcconfig */;
			buildSettings = {
				ASSETCATALOG_COMPILER_APPICON_NAME = AppIcon;
				ASSETCATALOG_COMPILER_GLOBAL_ACCENT_COLOR_NAME = AccentColor;
				CODE_SIGN_STYLE = Automatic;
				DEVELOPMENT_TEAM = RSUL65K5BS;
				INFOPLIST_FILE = GithubRepoList/Info.plist;
				LD_RUNPATH_SEARCH_PATHS = (
					"$(inherited)",
					"@executable_path/Frameworks",
				);
				PRODUCT_BUNDLE_IDENTIFIER = NadaKamel.GithubRepoList;
				PRODUCT_NAME = "$(TARGET_NAME)";
				SWIFT_VERSION = 5.0;
				TARGETED_DEVICE_FAMILY = "1,2";
			};
			name = Release;
		};
		89068B01266F7FF800782B0F /* Debug */ = {
			isa = XCBuildConfiguration;
			baseConfigurationReference = 837CD60B5904096ED6D25C7B /* Pods-GithubRepoListTests.debug.xcconfig */;
			buildSettings = {
				ALWAYS_EMBED_SWIFT_STANDARD_LIBRARIES = YES;
				BUNDLE_LOADER = "$(TEST_HOST)";
				CODE_SIGN_STYLE = Automatic;
				DEVELOPMENT_TEAM = P689W3C947;
				INFOPLIST_FILE = GithubRepoListTests/Info.plist;
				IPHONEOS_DEPLOYMENT_TARGET = 14.5;
				LD_RUNPATH_SEARCH_PATHS = (
					"$(inherited)",
					"@executable_path/Frameworks",
					"@loader_path/Frameworks",
				);
				PRODUCT_BUNDLE_IDENTIFIER = NadaKamel.GithubRepoListTests;
				PRODUCT_NAME = "$(TARGET_NAME)";
				SWIFT_VERSION = 5.0;
				TARGETED_DEVICE_FAMILY = "1,2";
				TEST_HOST = "$(BUILT_PRODUCTS_DIR)/GithubRepoList.app/GithubRepoList";
			};
			name = Debug;
		};
		89068B02266F7FF800782B0F /* Release */ = {
			isa = XCBuildConfiguration;
			baseConfigurationReference = 0DC0F1B6FC98C47FBCA0633A /* Pods-GithubRepoListTests.release.xcconfig */;
			buildSettings = {
				ALWAYS_EMBED_SWIFT_STANDARD_LIBRARIES = YES;
				BUNDLE_LOADER = "$(TEST_HOST)";
				CODE_SIGN_STYLE = Automatic;
				DEVELOPMENT_TEAM = P689W3C947;
				INFOPLIST_FILE = GithubRepoListTests/Info.plist;
				IPHONEOS_DEPLOYMENT_TARGET = 14.5;
				LD_RUNPATH_SEARCH_PATHS = (
					"$(inherited)",
					"@executable_path/Frameworks",
					"@loader_path/Frameworks",
				);
				PRODUCT_BUNDLE_IDENTIFIER = NadaKamel.GithubRepoListTests;
				PRODUCT_NAME = "$(TARGET_NAME)";
				SWIFT_VERSION = 5.0;
				TARGETED_DEVICE_FAMILY = "1,2";
				TEST_HOST = "$(BUILT_PRODUCTS_DIR)/GithubRepoList.app/GithubRepoList";
			};
			name = Release;
		};
		89068B04266F7FF800782B0F /* Debug */ = {
			isa = XCBuildConfiguration;
			baseConfigurationReference = BAD3E297A09396224597B25F /* Pods-GithubRepoList-GithubRepoListUITests.debug.xcconfig */;
			buildSettings = {
				ALWAYS_EMBED_SWIFT_STANDARD_LIBRARIES = YES;
				CODE_SIGN_STYLE = Automatic;
				DEVELOPMENT_TEAM = P689W3C947;
				INFOPLIST_FILE = GithubRepoListUITests/Info.plist;
				LD_RUNPATH_SEARCH_PATHS = (
					"$(inherited)",
					"@executable_path/Frameworks",
					"@loader_path/Frameworks",
				);
				PRODUCT_BUNDLE_IDENTIFIER = NadaKamel.GithubRepoListUITests;
				PRODUCT_NAME = "$(TARGET_NAME)";
				SWIFT_VERSION = 5.0;
				TARGETED_DEVICE_FAMILY = "1,2";
				TEST_TARGET_NAME = GithubRepoList;
			};
			name = Debug;
		};
		89068B05266F7FF800782B0F /* Release */ = {
			isa = XCBuildConfiguration;
			baseConfigurationReference = ADF40F76659CF9EDA344C51F /* Pods-GithubRepoList-GithubRepoListUITests.release.xcconfig */;
			buildSettings = {
				ALWAYS_EMBED_SWIFT_STANDARD_LIBRARIES = YES;
				CODE_SIGN_STYLE = Automatic;
				DEVELOPMENT_TEAM = P689W3C947;
				INFOPLIST_FILE = GithubRepoListUITests/Info.plist;
				LD_RUNPATH_SEARCH_PATHS = (
					"$(inherited)",
					"@executable_path/Frameworks",
					"@loader_path/Frameworks",
				);
				PRODUCT_BUNDLE_IDENTIFIER = NadaKamel.GithubRepoListUITests;
				PRODUCT_NAME = "$(TARGET_NAME)";
				SWIFT_VERSION = 5.0;
				TARGETED_DEVICE_FAMILY = "1,2";
				TEST_TARGET_NAME = GithubRepoList;
			};
			name = Release;
		};
/* End XCBuildConfiguration section */

/* Begin XCConfigurationList section */
		89068ACE266F7FF600782B0F /* Build configuration list for PBXProject "GithubRepoList" */ = {
			isa = XCConfigurationList;
			buildConfigurations = (
				89068AFB266F7FF800782B0F /* Debug */,
				89068AFC266F7FF800782B0F /* Release */,
			);
			defaultConfigurationIsVisible = 0;
			defaultConfigurationName = Release;
		};
		89068AFD266F7FF800782B0F /* Build configuration list for PBXNativeTarget "GithubRepoList" */ = {
			isa = XCConfigurationList;
			buildConfigurations = (
				89068AFE266F7FF800782B0F /* Debug */,
				89068AFF266F7FF800782B0F /* Release */,
			);
			defaultConfigurationIsVisible = 0;
			defaultConfigurationName = Release;
		};
		89068B00266F7FF800782B0F /* Build configuration list for PBXNativeTarget "GithubRepoListTests" */ = {
			isa = XCConfigurationList;
			buildConfigurations = (
				89068B01266F7FF800782B0F /* Debug */,
				89068B02266F7FF800782B0F /* Release */,
			);
			defaultConfigurationIsVisible = 0;
			defaultConfigurationName = Release;
		};
		89068B03266F7FF800782B0F /* Build configuration list for PBXNativeTarget "GithubRepoListUITests" */ = {
			isa = XCConfigurationList;
			buildConfigurations = (
				89068B04266F7FF800782B0F /* Debug */,
				89068B05266F7FF800782B0F /* Release */,
			);
			defaultConfigurationIsVisible = 0;
			defaultConfigurationName = Release;
		};
/* End XCConfigurationList section */
	};
	rootObject = 89068ACB266F7FF600782B0F /* Project object */;
}
